
Microsoft Visual Studio Solution File, Format Version 12.00
# Visual Studio 15
VisualStudioVersion = 15.0.26124.0
MinimumVisualStudioVersion = 15.0.26124.0
Project("{2150E333-8FDC-42A3-9474-1A3956D46DE8}") = "src", "src", "{4DF16B0C-4755-420E-8C76-42575C4CEBF1}"
EndProject
Project("{FAE04EC0-301F-11D3-BF4B-00C04F79EFBC}") = "Deoxys", "src\Deoxys\Deoxys.csproj", "{438469F9-E255-4877-9F5D-9044BE3E2FFD}"
EndProject
Project("{2150E333-8FDC-42A3-9474-1A3956D46DE8}") = "tests", "tests", "{3F9E7DAA-653E-4CA0-A676-7DE57E5CE03E}"
EndProject
Project("{FAE04EC0-301F-11D3-BF4B-00C04F79EFBC}") = "Deoxys.Test", "tests\Deoxys.Test\Deoxys.Test.csproj", "{01E7DB54-79E0-4B05-9D3B-6F942F3CC77C}"
EndProject
Global
	GlobalSection(SolutionConfigurationPlatforms) = preSolution
		Debug|Any CPU = Debug|Any CPU
		Debug|x64 = Debug|x64
		Debug|x86 = Debug|x86
		Release|Any CPU = Release|Any CPU
		Release|x64 = Release|x64
		Release|x86 = Release|x86
	EndGlobalSection
	GlobalSection(SolutionProperties) = preSolution
		HideSolutionNode = FALSE
	EndGlobalSection
	GlobalSection(ProjectConfigurationPlatforms) = postSolution
		{438469F9-E255-4877-9F5D-9044BE3E2FFD}.Debug|Any CPU.ActiveCfg = Debug|Any CPU
		{438469F9-E255-4877-9F5D-9044BE3E2FFD}.Debug|Any CPU.Build.0 = Debug|Any CPU
		{438469F9-E255-4877-9F5D-9044BE3E2FFD}.Debug|x64.ActiveCfg = Debug|Any CPU
		{438469F9-E255-4877-9F5D-9044BE3E2FFD}.Debug|x64.Build.0 = Debug|Any CPU
		{438469F9-E255-4877-9F5D-9044BE3E2FFD}.Debug|x86.ActiveCfg = Debug|Any CPU
		{438469F9-E255-4877-9F5D-9044BE3E2FFD}.Debug|x86.Build.0 = Debug|Any CPU
		{438469F9-E255-4877-9F5D-9044BE3E2FFD}.Release|Any CPU.ActiveCfg = Release|Any CPU
		{438469F9-E255-4877-9F5D-9044BE3E2FFD}.Release|Any CPU.Build.0 = Release|Any CPU
		{438469F9-E255-4877-9F5D-9044BE3E2FFD}.Release|x64.ActiveCfg = Release|Any CPU
		{438469F9-E255-4877-9F5D-9044BE3E2FFD}.Release|x64.Build.0 = Release|Any CPU
		{438469F9-E255-4877-9F5D-9044BE3E2FFD}.Release|x86.ActiveCfg = Release|Any CPU
		{438469F9-E255-4877-9F5D-9044BE3E2FFD}.Release|x86.Build.0 = Release|Any CPU
		{01E7DB54-79E0-4B05-9D3B-6F942F3CC77C}.Debug|Any CPU.ActiveCfg = Debug|Any CPU
		{01E7DB54-79E0-4B05-9D3B-6F942F3CC77C}.Debug|Any CPU.Build.0 = Debug|Any CPU
		{01E7DB54-79E0-4B05-9D3B-6F942F3CC77C}.Debug|x64.ActiveCfg = Debug|Any CPU
		{01E7DB54-79E0-4B05-9D3B-6F942F3CC77C}.Debug|x64.Build.0 = Debug|Any CPU
		{01E7DB54-79E0-4B05-9D3B-6F942F3CC77C}.Debug|x86.ActiveCfg = Debug|Any CPU
		{01E7DB54-79E0-4B05-9D3B-6F942F3CC77C}.Debug|x86.Build.0 = Debug|Any CPU
		{01E7DB54-79E0-4B05-9D3B-6F942F3CC77C}.Release|Any CPU.ActiveCfg = Release|Any CPU
		{01E7DB54-79E0-4B05-9D3B-6F942F3CC77C}.Release|Any CPU.Build.0 = Release|Any CPU
		{01E7DB54-79E0-4B05-9D3B-6F942F3CC77C}.Release|x64.ActiveCfg = Release|Any CPU
		{01E7DB54-79E0-4B05-9D3B-6F942F3CC77C}.Release|x64.Build.0 = Release|Any CPU
		{01E7DB54-79E0-4B05-9D3B-6F942F3CC77C}.Release|x86.ActiveCfg = Release|Any CPU
		{01E7DB54-79E0-4B05-9D3B-6F942F3CC77C}.Release|x86.Build.0 = Release|Any CPU
	EndGlobalSection
	GlobalSection(NestedProjects) = preSolution
		{438469F9-E255-4877-9F5D-9044BE3E2FFD} = {4DF16B0C-4755-420E-8C76-42575C4CEBF1}
		{01E7DB54-79E0-4B05-9D3B-6F942F3CC77C} = {3F9E7DAA-653E-4CA0-A676-7DE57E5CE03E}
	EndGlobalSection
EndGlobal
